{
  "name": "backend",
  "version": "1.0.0",
  "lockfileVersion": 3,
  "requires": true,
  "packages": {
    "": {
      "dependencies": {
        "chat-app": "file:.."
      }
    },
    "..": {
      "name": "chat-app",
      "version": "1.0.0",
      "license": "ISC",
      "dependencies": {
        "express": "^4.18.2"
      }
    },
    "node_modules/chat-app": {
      "resolved": "..",
      "link": true
    }
  }
}
